
Microsoft Visual Studio Solution File, Format Version 12.00
# Visual Studio 15
VisualStudioVersion = 15.0.26730.15
MinimumVisualStudioVersion = 10.0.40219.1
Project("{2150E333-8FDC-42A3-9474-1A3956D46DE8}") = "Solution Items", "Solution Items", "{F976EED3-631C-41CB-8FA1-6CD0084D9F79}"
	ProjectSection(SolutionItems) = preProject
		License.txt = License.txt
	EndProjectSection
EndProject
Project("{9A19103F-16F7-4668-BE54-9A1E7A4F7556}") = "TimingTest", "TimingTest\TimingTest.csproj", "{98C6E865-3B48-4AD5-80B9-52DC6156CC42}"
EndProject
Project("{9A19103F-16F7-4668-BE54-9A1E7A4F7556}") = "Connect4", "Connect4\Connect4.csproj", "{DB2C4F3A-2CD1-4E86-BFE0-3ACB36F5D569}"
EndProject
Project("{FAE04EC0-301F-11D3-BF4B-00C04F79EFBC}") = "Play", "Play\Play.csproj", "{B6DFFAA1-7BB4-4AE2-A75E-4D78305865A7}"
EndProject
Global
	GlobalSection(SolutionConfigurationPlatforms) = preSolution
		Debug|Any CPU = Debug|Any CPU
		Debug|ARM = Debug|ARM
		Debug|x64 = Debug|x64
		Debug|x86 = Debug|x86
		Release|Any CPU = Release|Any CPU
		Release|ARM = Release|ARM
		Release|x64 = Release|x64
		Release|x86 = Release|x86
	EndGlobalSection
	GlobalSection(ProjectConfigurationPlatforms) = postSolution
		{98C6E865-3B48-4AD5-80B9-52DC6156CC42}.Debug|Any CPU.ActiveCfg = Debug|Any CPU
		{98C6E865-3B48-4AD5-80B9-52DC6156CC42}.Debug|Any CPU.Build.0 = Debug|Any CPU
		{98C6E865-3B48-4AD5-80B9-52DC6156CC42}.Debug|ARM.ActiveCfg = Debug|Any CPU
		{98C6E865-3B48-4AD5-80B9-52DC6156CC42}.Debug|ARM.Build.0 = Debug|Any CPU
		{98C6E865-3B48-4AD5-80B9-52DC6156CC42}.Debug|x64.ActiveCfg = Debug|Any CPU
		{98C6E865-3B48-4AD5-80B9-52DC6156CC42}.Debug|x64.Build.0 = Debug|Any CPU
		{98C6E865-3B48-4AD5-80B9-52DC6156CC42}.Debug|x86.ActiveCfg = Debug|Any CPU
		{98C6E865-3B48-4AD5-80B9-52DC6156CC42}.Debug|x86.Build.0 = Debug|Any CPU
		{98C6E865-3B48-4AD5-80B9-52DC6156CC42}.Release|Any CPU.ActiveCfg = Release|Any CPU
		{98C6E865-3B48-4AD5-80B9-52DC6156CC42}.Release|Any CPU.Build.0 = Release|Any CPU
		{98C6E865-3B48-4AD5-80B9-52DC6156CC42}.Release|ARM.ActiveCfg = Release|Any CPU
		{98C6E865-3B48-4AD5-80B9-52DC6156CC42}.Release|ARM.Build.0 = Release|Any CPU
		{98C6E865-3B48-4AD5-80B9-52DC6156CC42}.Release|x64.ActiveCfg = Release|Any CPU
		{98C6E865-3B48-4AD5-80B9-52DC6156CC42}.Release|x64.Build.0 = Release|Any CPU
		{98C6E865-3B48-4AD5-80B9-52DC6156CC42}.Release|x86.ActiveCfg = Release|Any CPU
		{98C6E865-3B48-4AD5-80B9-52DC6156CC42}.Release|x86.Build.0 = Release|Any CPU
		{DB2C4F3A-2CD1-4E86-BFE0-3ACB36F5D569}.Debug|Any CPU.ActiveCfg = Debug|Any CPU
		{DB2C4F3A-2CD1-4E86-BFE0-3ACB36F5D569}.Debug|Any CPU.Build.0 = Debug|Any CPU
		{DB2C4F3A-2CD1-4E86-BFE0-3ACB36F5D569}.Debug|ARM.ActiveCfg = Debug|Any CPU
		{DB2C4F3A-2CD1-4E86-BFE0-3ACB36F5D569}.Debug|ARM.Build.0 = Debug|Any CPU
		{DB2C4F3A-2CD1-4E86-BFE0-3ACB36F5D569}.Debug|x64.ActiveCfg = Debug|Any CPU
		{DB2C4F3A-2CD1-4E86-BFE0-3ACB36F5D569}.Debug|x64.Build.0 = Debug|Any CPU
		{DB2C4F3A-2CD1-4E86-BFE0-3ACB36F5D569}.Debug|x86.ActiveCfg = Debug|Any CPU
		{DB2C4F3A-2CD1-4E86-BFE0-3ACB36F5D569}.Debug|x86.Build.0 = Debug|Any CPU
		{DB2C4F3A-2CD1-4E86-BFE0-3ACB36F5D569}.Release|Any CPU.ActiveCfg = Release|Any CPU
		{DB2C4F3A-2CD1-4E86-BFE0-3ACB36F5D569}.Release|Any CPU.Build.0 = Release|Any CPU
		{DB2C4F3A-2CD1-4E86-BFE0-3ACB36F5D569}.Release|ARM.ActiveCfg = Release|Any CPU
		{DB2C4F3A-2CD1-4E86-BFE0-3ACB36F5D569}.Release|ARM.Build.0 = Release|Any CPU
		{DB2C4F3A-2CD1-4E86-BFE0-3ACB36F5D569}.Release|x64.ActiveCfg = Release|Any CPU
		{DB2C4F3A-2CD1-4E86-BFE0-3ACB36F5D569}.Release|x64.Build.0 = Release|Any CPU
		{DB2C4F3A-2CD1-4E86-BFE0-3ACB36F5D569}.Release|x86.ActiveCfg = Release|Any CPU
		{DB2C4F3A-2CD1-4E86-BFE0-3ACB36F5D569}.Release|x86.Build.0 = Release|Any CPU
		{B6DFFAA1-7BB4-4AE2-A75E-4D78305865A7}.Debug|Any CPU.ActiveCfg = Debug|Any CPU
		{B6DFFAA1-7BB4-4AE2-A75E-4D78305865A7}.Debug|Any CPU.Build.0 = Debug|Any CPU
		{B6DFFAA1-7BB4-4AE2-A75E-4D78305865A7}.Debug|ARM.ActiveCfg = Debug|Any CPU
		{B6DFFAA1-7BB4-4AE2-A75E-4D78305865A7}.Debug|ARM.Build.0 = Debug|Any CPU
		{B6DFFAA1-7BB4-4AE2-A75E-4D78305865A7}.Debug|x64.ActiveCfg = Debug|Any CPU
		{B6DFFAA1-7BB4-4AE2-A75E-4D78305865A7}.Debug|x64.Build.0 = Debug|Any CPU
		{B6DFFAA1-7BB4-4AE2-A75E-4D78305865A7}.Debug|x86.ActiveCfg = Debug|Any CPU
		{B6DFFAA1-7BB4-4AE2-A75E-4D78305865A7}.Debug|x86.Build.0 = Debug|Any CPU
		{B6DFFAA1-7BB4-4AE2-A75E-4D78305865A7}.Release|Any CPU.ActiveCfg = Release|Any CPU
		{B6DFFAA1-7BB4-4AE2-A75E-4D78305865A7}.Release|Any CPU.Build.0 = Release|Any CPU
		{B6DFFAA1-7BB4-4AE2-A75E-4D78305865A7}.Release|ARM.ActiveCfg = Release|Any CPU
		{B6DFFAA1-7BB4-4AE2-A75E-4D78305865A7}.Release|ARM.Build.0 = Release|Any CPU
		{B6DFFAA1-7BB4-4AE2-A75E-4D78305865A7}.Release|x64.ActiveCfg = Release|Any CPU
		{B6DFFAA1-7BB4-4AE2-A75E-4D78305865A7}.Release|x64.Build.0 = Release|Any CPU
		{B6DFFAA1-7BB4-4AE2-A75E-4D78305865A7}.Release|x86.ActiveCfg = Release|Any CPU
		{B6DFFAA1-7BB4-4AE2-A75E-4D78305865A7}.Release|x86.Build.0 = Release|Any CPU
	EndGlobalSection
	GlobalSection(SolutionProperties) = preSolution
		HideSolutionNode = FALSE
	EndGlobalSection
	GlobalSection(ExtensibilityGlobals) = postSolution
		SolutionGuid = {CC548940-14CE-4A41-98EF-0B7C9B76DCFC}
	EndGlobalSection
EndGlobal
